
Microsoft Visual Studio Solution File, Format Version 12.00
# Visual Studio Version 17
VisualStudioVersion = 17.1.32328.378
MinimumVisualStudioVersion = 10.0.40219.1
Project("{FAE04EC0-301F-11D3-BF4B-00C04F79EFBC}") = "CSharp.LabExercise6", "CSharp.LabExercise6\CSharp.LabExercise6.csproj", "{417AD5ED-BE86-45CD-B3AA-66287CF4D216}"
EndProject
Global
	GlobalSection(SolutionConfigurationPlatforms) = preSolution
		Debug|Any CPU = Debug|Any CPU
		Release|Any CPU = Release|Any CPU
	EndGlobalSection
	GlobalSection(ProjectConfigurationPlatforms) = postSolution
		{417AD5ED-BE86-45CD-B3AA-66287CF4D216}.Debug|Any CPU.ActiveCfg = Debug|Any CPU
		{417AD5ED-BE86-45CD-B3AA-66287CF4D216}.Debug|Any CPU.Build.0 = Debug|Any CPU
		{417AD5ED-BE86-45CD-B3AA-66287CF4D216}.Release|Any CPU.ActiveCfg = Release|Any CPU
		{417AD5ED-BE86-45CD-B3AA-66287CF4D216}.Release|Any CPU.Build.0 = Release|Any CPU
	EndGlobalSection
	GlobalSection(SolutionProperties) = preSolution
		HideSolutionNode = FALSE
	EndGlobalSection
	GlobalSection(ExtensibilityGlobals) = postSolution
		SolutionGuid = {EE0DF7BB-1643-4C22-9199-673A531FB318}
	EndGlobalSection
EndGlobal
